<?xml version="1.0" encoding="utf-8"?>
<Project ToolsVersion="4.0" xmlns="http://schemas.microsoft.com/developer/msbuild/2003">
  <ItemGroup>
    <Filter Include="Source Files">
      <UniqueIdentifier>{4FC737F1-C7A5-4376-A066-2A32D752A2FF}</UniqueIdentifier>
      <Extensions>cpp;c;cc;cxx;c++;cppm;ixx;def;odl;idl;hpj;bat;asm;asmx</Extensions>
    </Filter>
    <Filter Include="Header Files">
      <UniqueIdentifier>{93995380-89BD-4b04-88EB-625FBE52EBFB}</UniqueIdentifier>
      <Extensions>h;hh;hpp;hxx;h++;hm;inl;inc;ipp;xsd</Extensions>
    </Filter>
    <Filter Include="Resource Files">
      <UniqueIdentifier>{67DA6AB6-F800-4c08-8B7A-83BB121AAD01}</UniqueIdentifier>
      <Extensions>rc;ico;cur;bmp;dlg;rc2;rct;bin;rgs;gif;jpg;jpeg;jpe;resx;tiff;tif;png;wav;mfcribbon-ms</Extensions>
    </Filter>
  </ItemGroup>
  <ItemGroup>
    <ClCompile Include="src\main.cpp">
      <Filter>Source Files</Filter>
    </ClCompile>
    <ClCompile Include="src\settings.cpp">
      <Filter>Source Files</Filter>
    </ClCompile>
    <ClCompile Include="src\spaceship.cpp">
      <Filter>Source Files</Filter>
    </ClCompile>
    <ClCompile Include="src\game.cpp">
      <Filter>Source Files</Filter>
    </ClCompile>
    <ClCompile Include="src\laser.cpp">
      <Filter>Source Files</Filter>
    </ClCompile>
    <ClCompile Include="src\block.cpp">
      <Filter>Source Files</Filter>
    </ClCompile>
    <ClCompile Include="src\obstacle.cpp">
      <Filter>Source Files</Filter>
    </ClCompile>
    <ClCompile Include="src\alien.cpp">
      <Filter>Source Files</Filter>
    </ClCompile>
    <ClCompile Include="src\alienLaser.cpp">
      <Filter>Source Files</Filter>
    </ClCompile>
    <ClCompile Include="src\mysteryShip.cpp">
      <Filter>Source Files</Filter>
    </ClCompile>
    <ClCompile Include="src\deathBallPowerUp.cpp">
      <Filter>Source Files</Filter>
    </ClCompile>
    <ClCompile Include="src\menu.cpp">
      <Filter>Source Files</Filter>
    </ClCompile>
  </ItemGroup>
  <ItemGroup>
    <ClInclude Include="include\settings.hpp">
      <Filter>Header Files</Filter>
    </ClInclude>
    <ClInclude Include="include\spaceship.hpp">
      <Filter>Header Files</Filter>
    </ClInclude>
    <ClInclude Include="include\game.hpp">
      <Filter>Header Files</Filter>
    </ClInclude>
    <ClInclude Include="include\laser.hpp">
      <Filter>Header Files</Filter>
    </ClInclude>
    <ClInclude Include="include\enums.hpp">
      <Filter>Header Files</Filter>
    </ClInclude>
    <ClInclude Include="include\block.hpp">
      <Filter>Header Files</Filter>
    </ClInclude>
    <ClInclude Include="include\obstacle.hpp">
      <Filter>Header Files</Filter>
    </ClInclude>
    <ClInclude Include="include\alien.hpp">
      <Filter>Header Files</Filter>
    </ClInclude>
    <ClInclude Include="include\alienLaser.hpp">
      <Filter>Header Files</Filter>
    </ClInclude>
    <ClInclude Include="include\mysteryShip.hpp">
      <Filter>Header Files</Filter>
    </ClInclude>
    <ClInclude Include="include\deathBallPowerUp.hpp">
      <Filter>Header Files</Filter>
    </ClInclude>
    <ClInclude Include="include\menu.hpp">
      <Filter>Header Files</Filter>
    </ClInclude>
  </ItemGroup>
  <ItemGroup>
    <Image Include="resources\spaceship.png">
      <Filter>Resource Files</Filter>
    </Image>
    <Image Include="resources\alienSpritesheet.png">
      <Filter>Resource Files</Filter>
    </Image>
    <Image Include="resources\explosion.png">
      <Filter>Resource Files</Filter>
    </Image>
    <Image Include="resources\AlienLaserShots\shot3\shot3.png">
      <Filter>Resource Files</Filter>
    </Image>
    <Image Include="resources\AlienLaserShots\shot1\shot1.png">
      <Filter>Resource Files</Filter>
    </Image>
    <Image Include="resources\background.png">
      <Filter>Resource Files</Filter>
    </Image>
    <Image Include="resources\AlienLaserShots\shot2\shot2.png">
      <Filter>Resource Files</Filter>
    </Image>
    <Image Include="resources\mysteryShip.png">
      <Filter>Resource Files</Filter>
    </Image>
    <Image Include="resources\invaderExplosion.png">
      <Filter>Resource Files</Filter>
    </Image>
    <Image Include="resources\mysteryShipExplosion.png">
      <Filter>Resource Files</Filter>
    </Image>
    <Image Include="resources\playerExplosionB.png">
      <Filter>Resource Files</Filter>
    </Image>
    <Image Include="resources\playerExplosionA.png">
      <Filter>Resource Files</Filter>
    </Image>
    <Image Include="resources\Logo.png">
      <Filter>Resource Files</Filter>
    </Image>
    <Image Include="resources\alienA.png">
      <Filter>Resource Files</Filter>
    </Image>
    <Image Include="resources\alienB.png">
      <Filter>Resource Files</Filter>
    </Image>
    <Image Include="resources\alienC.png">
      <Filter>Resource Files</Filter>
    </Image>
    <Image Include="resources\sniper.png">
      <Filter>Resource Files</Filter>
    </Image>
    <Image Include="resources\icons\machineGun.png">
      <Filter>Resource Files</Filter>
    </Image>
    <Image Include="resources\icons\sniperMark.png">
      <Filter>Resource Files</Filter>
    </Image>
  </ItemGroup>
  <ItemGroup>
    <Font Include="resources\Font\monogram.ttf" />
  </ItemGroup>
  <ItemGroup>
    <Media Include="resources\sounds\alienExplode.mp3" />
    <Media Include="resources\sounds\DeathBall.mp3" />
    <Media Include="resources\sounds\laser.mp3" />
    <Media Include="resources\sounds\MachineGun.mp3" />
    <Media Include="resources\sounds\sniper.mp3" />
    <Media Include="resources\sounds\explosion.mp3" />
  </ItemGroup>
</Project>